
Microsoft Visual Studio Solution File, Format Version 12.00
# Visual Studio Version 16
VisualStudioVersion = 16.0.33927.289
MinimumVisualStudioVersion = 10.0.40219.1
Project("{2150E333-8FDC-42A3-9474-1A3956D46DE8}") = "Task0", "Task0", "{6557CD44-7363-45B3-BF9F-EA8447551D04}"
EndProject
Project("{FAE04EC0-301F-11D3-BF4B-00C04F79EFBC}") = "Tyuiu.VolovikovMV.Sprint5.Task0.V17", "Tyuiu.VolovikovMV.Sprint5.Task0.V17\Tyuiu.VolovikovMV.Sprint5.Task0.V17.csproj", "{3DF99613-FC54-4319-9A45-92B879851E9C}"
EndProject
Project("{FAE04EC0-301F-11D3-BF4B-00C04F79EFBC}") = "Tyuiu.VolovikovMV.Sprint5.Task0.V17.Lib", "Tyuiu.VolovikovMV.Sprint5.Task0.V17.Lib\Tyuiu.VolovikovMV.Sprint5.Task0.V17.Lib.csproj", "{CC75BFBD-D10C-4C39-97B6-7EC71772D4A4}"
EndProject
Project("{FAE04EC0-301F-11D3-BF4B-00C04F79EFBC}") = "Tyuiu.VolovikovMV.Sprint5.Task0.V17.Test", "Tyuiu.VolovikovMV.Sprint5.Task0.V17.Test\Tyuiu.VolovikovMV.Sprint5.Task0.V17.Test.csproj", "{328A9830-97D2-45F4-ACF8-37A329525BC7}"
EndProject
Project("{2150E333-8FDC-42A3-9474-1A3956D46DE8}") = "Task1", "Task1", "{231791D5-FFCE-4FB7-B32D-A102E1ED458B}"
EndProject
Project("{FAE04EC0-301F-11D3-BF4B-00C04F79EFBC}") = "Tyuiu.VolovikovMV.Sprint5.Task1.V4", "Tyuiu.VolovikovMV.Sprint5.Task1.V4\Tyuiu.VolovikovMV.Sprint5.Task1.V4.csproj", "{6531F0BA-8E6B-47C7-A044-E80C276C482A}"
EndProject
Project("{FAE04EC0-301F-11D3-BF4B-00C04F79EFBC}") = "Tyuiu.VolovikovMV.Sprint5.Task1.V4.Lib", "Tyuiu.VolovikovMV.Sprint5.Task1.V4.Lib\Tyuiu.VolovikovMV.Sprint5.Task1.V4.Lib.csproj", "{061E15B9-CEF9-471B-8A30-9BEE8108A26B}"
EndProject
Project("{FAE04EC0-301F-11D3-BF4B-00C04F79EFBC}") = "Tyuiu.VolovikovMV.Sprint5.Task1.V4.Test", "Tyuiu.VolovikovMV.Sprint5.Task1.V4.Test\Tyuiu.VolovikovMV.Sprint5.Task1.V4.Test.csproj", "{AD937C90-BE59-43EB-86A3-12021FEF4128}"
EndProject
Project("{2150E333-8FDC-42A3-9474-1A3956D46DE8}") = "Task2", "Task2", "{DBE9A6DA-E2A4-41DF-B5E6-CFFE067D134E}"
EndProject
Project("{FAE04EC0-301F-11D3-BF4B-00C04F79EFBC}") = "Tyuiu.VolovikovMV.Sprint5.Task2.V27", "Tyuiu.VolovikovMV.Sprint5.Task2.V27\Tyuiu.VolovikovMV.Sprint5.Task2.V27.csproj", "{5E334B0E-BCEE-421C-AEF9-0F9E7AAAA12A}"
EndProject
Project("{FAE04EC0-301F-11D3-BF4B-00C04F79EFBC}") = "Tyuiu.VolovikovMV.Sprint5.Task2.V27.Lib", "Tyuiu.VolovikovMV.Sprint5.Task2.V27.Lib\Tyuiu.VolovikovMV.Sprint5.Task2.V27.Lib.csproj", "{13CB6CF0-4292-4E3F-8E48-856FA2B4A3A5}"
EndProject
Project("{FAE04EC0-301F-11D3-BF4B-00C04F79EFBC}") = "Tyuiu.VolovikovMV.Sprint5.Task2.V27.Test", "Tyuiu.VolovikovMV.Sprint5.Task2.V27.Test\Tyuiu.VolovikovMV.Sprint5.Task2.V27.Test.csproj", "{4344ED43-04F2-4A16-9AB8-C869F9F74926}"
EndProject
Project("{2150E333-8FDC-42A3-9474-1A3956D46DE8}") = "Task3", "Task3", "{8CCDFFF6-7495-4E94-A86D-45B088617507}"
EndProject
Project("{FAE04EC0-301F-11D3-BF4B-00C04F79EFBC}") = "Tyuiu.VolovikovMV.Sprint5.Task3.V19", "Tyuiu.VolovikovMV.Sprint5.Task3.V19\Tyuiu.VolovikovMV.Sprint5.Task3.V19.csproj", "{8B08D256-8745-47B5-9A51-D347101C3B15}"
EndProject
Project("{FAE04EC0-301F-11D3-BF4B-00C04F79EFBC}") = "Tyuiu.VolovikovMV.Sprint5.Task3.V19.Lib", "Tyuiu.VolovikovMV.Sprint5.Task3.V19.Lib\Tyuiu.VolovikovMV.Sprint5.Task3.V19.Lib.csproj", "{C9A55455-264D-49EB-8967-3A318C403FA0}"
EndProject
Project("{FAE04EC0-301F-11D3-BF4B-00C04F79EFBC}") = "Tyuiu.VolovikovMV.Sprint5.Task3.V19.Test", "Tyuiu.VolovikovMV.Sprint5.Task3.V19.Test\Tyuiu.VolovikovMV.Sprint5.Task3.V19.Test.csproj", "{3A2ACC14-46D8-45F5-8304-0447275AC576}"
EndProject
Project("{2150E333-8FDC-42A3-9474-1A3956D46DE8}") = "Task4", "Task4", "{46A88CB5-797A-4499-8E48-5029A4B39C15}"
EndProject
Project("{FAE04EC0-301F-11D3-BF4B-00C04F79EFBC}") = "Tyuiu.VolovikovMV.Sprint5.Task4.V1", "Tyuiu.VolovikovMV.Sprint5.Task4.V1\Tyuiu.VolovikovMV.Sprint5.Task4.V1.csproj", "{7D86C81B-3903-4F6F-BF13-E98F0EDA9E0D}"
EndProject
Project("{FAE04EC0-301F-11D3-BF4B-00C04F79EFBC}") = "Tyuiu.VolovikovMV.Sprint5.Task4.V1.Lib", "Tyuiu.VolovikovMV.Sprint5.Task4.V1.Lib\Tyuiu.VolovikovMV.Sprint5.Task4.V1.Lib.csproj", "{EE9076F6-2F24-4F47-97FE-BE99F3AE2EE5}"
EndProject
Project("{FAE04EC0-301F-11D3-BF4B-00C04F79EFBC}") = "Tyuiu.VolovikovMV.Sprint5.Task4.V1.Test", "Tyuiu.VolovikovMV.Sprint5.Task4.V1.Test\Tyuiu.VolovikovMV.Sprint5.Task4.V1.Test.csproj", "{E6A461A0-4B19-4C0F-91A5-1C0E1CD10F9C}"
EndProject
Project("{2150E333-8FDC-42A3-9474-1A3956D46DE8}") = "Task5", "Task5", "{090A2CDF-018F-4DAC-917C-9E1353FE01C3}"
EndProject
Project("{FAE04EC0-301F-11D3-BF4B-00C04F79EFBC}") = "Tyuiu.VolovikovMV.Sprint5.Task5.V6", "Tyuiu.VolovikovMV.Sprint5.Task5.V6\Tyuiu.VolovikovMV.Sprint5.Task5.V6.csproj", "{AC926F50-4072-4286-A172-2965D5E3115C}"
EndProject
Project("{FAE04EC0-301F-11D3-BF4B-00C04F79EFBC}") = "Tyuiu.VolovikovMV.Sprint5.Task5.V6.Lib", "Tyuiu.VolovikovMV.Sprint5.Task5.V6.Lib\Tyuiu.VolovikovMV.Sprint5.Task5.V6.Lib.csproj", "{533B3B65-9768-4C89-BC98-0909404029A6}"
EndProject
Project("{FAE04EC0-301F-11D3-BF4B-00C04F79EFBC}") = "Tyuiu.VolovikovMV.Sprint5.Task5.V6.Test", "Tyuiu.VolovikovMV.Sprint5.Task5.V6.Test\Tyuiu.VolovikovMV.Sprint5.Task5.V6.Test.csproj", "{AB4780CA-BBBE-4F17-9064-C3AC0D197EDD}"
EndProject
Global
	GlobalSection(SolutionConfigurationPlatforms) = preSolution
		Debug|Any CPU = Debug|Any CPU
		Release|Any CPU = Release|Any CPU
	EndGlobalSection
	GlobalSection(ProjectConfigurationPlatforms) = postSolution
		{3DF99613-FC54-4319-9A45-92B879851E9C}.Debug|Any CPU.ActiveCfg = Debug|Any CPU
		{3DF99613-FC54-4319-9A45-92B879851E9C}.Debug|Any CPU.Build.0 = Debug|Any CPU
		{3DF99613-FC54-4319-9A45-92B879851E9C}.Release|Any CPU.ActiveCfg = Release|Any CPU
		{3DF99613-FC54-4319-9A45-92B879851E9C}.Release|Any CPU.Build.0 = Release|Any CPU
		{CC75BFBD-D10C-4C39-97B6-7EC71772D4A4}.Debug|Any CPU.ActiveCfg = Debug|Any CPU
		{CC75BFBD-D10C-4C39-97B6-7EC71772D4A4}.Debug|Any CPU.Build.0 = Debug|Any CPU
		{CC75BFBD-D10C-4C39-97B6-7EC71772D4A4}.Release|Any CPU.ActiveCfg = Release|Any CPU
		{CC75BFBD-D10C-4C39-97B6-7EC71772D4A4}.Release|Any CPU.Build.0 = Release|Any CPU
		{328A9830-97D2-45F4-ACF8-37A329525BC7}.Debug|Any CPU.ActiveCfg = Debug|Any CPU
		{328A9830-97D2-45F4-ACF8-37A329525BC7}.Debug|Any CPU.Build.0 = Debug|Any CPU
		{328A9830-97D2-45F4-ACF8-37A329525BC7}.Release|Any CPU.ActiveCfg = Release|Any CPU
		{328A9830-97D2-45F4-ACF8-37A329525BC7}.Release|Any CPU.Build.0 = Release|Any CPU
		{6531F0BA-8E6B-47C7-A044-E80C276C482A}.Debug|Any CPU.ActiveCfg = Debug|Any CPU
		{6531F0BA-8E6B-47C7-A044-E80C276C482A}.Debug|Any CPU.Build.0 = Debug|Any CPU
		{6531F0BA-8E6B-47C7-A044-E80C276C482A}.Release|Any CPU.ActiveCfg = Release|Any CPU
		{6531F0BA-8E6B-47C7-A044-E80C276C482A}.Release|Any CPU.Build.0 = Release|Any CPU
		{061E15B9-CEF9-471B-8A30-9BEE8108A26B}.Debug|Any CPU.ActiveCfg = Debug|Any CPU
		{061E15B9-CEF9-471B-8A30-9BEE8108A26B}.Debug|Any CPU.Build.0 = Debug|Any CPU
		{061E15B9-CEF9-471B-8A30-9BEE8108A26B}.Release|Any CPU.ActiveCfg = Release|Any CPU
		{061E15B9-CEF9-471B-8A30-9BEE8108A26B}.Release|Any CPU.Build.0 = Release|Any CPU
		{AD937C90-BE59-43EB-86A3-12021FEF4128}.Debug|Any CPU.ActiveCfg = Debug|Any CPU
		{AD937C90-BE59-43EB-86A3-12021FEF4128}.Debug|Any CPU.Build.0 = Debug|Any CPU
		{AD937C90-BE59-43EB-86A3-12021FEF4128}.Release|Any CPU.ActiveCfg = Release|Any CPU
		{AD937C90-BE59-43EB-86A3-12021FEF4128}.Release|Any CPU.Build.0 = Release|Any CPU
		{5E334B0E-BCEE-421C-AEF9-0F9E7AAAA12A}.Debug|Any CPU.ActiveCfg = Debug|Any CPU
		{5E334B0E-BCEE-421C-AEF9-0F9E7AAAA12A}.Debug|Any CPU.Build.0 = Debug|Any CPU
		{5E334B0E-BCEE-421C-AEF9-0F9E7AAAA12A}.Release|Any CPU.ActiveCfg = Release|Any CPU
		{5E334B0E-BCEE-421C-AEF9-0F9E7AAAA12A}.Release|Any CPU.Build.0 = Release|Any CPU
		{13CB6CF0-4292-4E3F-8E48-856FA2B4A3A5}.Debug|Any CPU.ActiveCfg = Debug|Any CPU
		{13CB6CF0-4292-4E3F-8E48-856FA2B4A3A5}.Debug|Any CPU.Build.0 = Debug|Any CPU
		{13CB6CF0-4292-4E3F-8E48-856FA2B4A3A5}.Release|Any CPU.ActiveCfg = Release|Any CPU
		{13CB6CF0-4292-4E3F-8E48-856FA2B4A3A5}.Release|Any CPU.Build.0 = Release|Any CPU
		{4344ED43-04F2-4A16-9AB8-C869F9F74926}.Debug|Any CPU.ActiveCfg = Debug|Any CPU
		{4344ED43-04F2-4A16-9AB8-C869F9F74926}.Debug|Any CPU.Build.0 = Debug|Any CPU
		{4344ED43-04F2-4A16-9AB8-C869F9F74926}.Release|Any CPU.ActiveCfg = Release|Any CPU
		{4344ED43-04F2-4A16-9AB8-C869F9F74926}.Release|Any CPU.Build.0 = Release|Any CPU
		{8B08D256-8745-47B5-9A51-D347101C3B15}.Debug|Any CPU.ActiveCfg = Debug|Any CPU
		{8B08D256-8745-47B5-9A51-D347101C3B15}.Debug|Any CPU.Build.0 = Debug|Any CPU
		{8B08D256-8745-47B5-9A51-D347101C3B15}.Release|Any CPU.ActiveCfg = Release|Any CPU
		{8B08D256-8745-47B5-9A51-D347101C3B15}.Release|Any CPU.Build.0 = Release|Any CPU
		{C9A55455-264D-49EB-8967-3A318C403FA0}.Debug|Any CPU.ActiveCfg = Debug|Any CPU
		{C9A55455-264D-49EB-8967-3A318C403FA0}.Debug|Any CPU.Build.0 = Debug|Any CPU
		{C9A55455-264D-49EB-8967-3A318C403FA0}.Release|Any CPU.ActiveCfg = Release|Any CPU
		{C9A55455-264D-49EB-8967-3A318C403FA0}.Release|Any CPU.Build.0 = Release|Any CPU
		{3A2ACC14-46D8-45F5-8304-0447275AC576}.Debug|Any CPU.ActiveCfg = Debug|Any CPU
		{3A2ACC14-46D8-45F5-8304-0447275AC576}.Debug|Any CPU.Build.0 = Debug|Any CPU
		{3A2ACC14-46D8-45F5-8304-0447275AC576}.Release|Any CPU.ActiveCfg = Release|Any CPU
		{3A2ACC14-46D8-45F5-8304-0447275AC576}.Release|Any CPU.Build.0 = Release|Any CPU
		{7D86C81B-3903-4F6F-BF13-E98F0EDA9E0D}.Debug|Any CPU.ActiveCfg = Debug|Any CPU
		{7D86C81B-3903-4F6F-BF13-E98F0EDA9E0D}.Debug|Any CPU.Build.0 = Debug|Any CPU
		{7D86C81B-3903-4F6F-BF13-E98F0EDA9E0D}.Release|Any CPU.ActiveCfg = Release|Any CPU
		{7D86C81B-3903-4F6F-BF13-E98F0EDA9E0D}.Release|Any CPU.Build.0 = Release|Any CPU
		{EE9076F6-2F24-4F47-97FE-BE99F3AE2EE5}.Debug|Any CPU.ActiveCfg = Debug|Any CPU
		{EE9076F6-2F24-4F47-97FE-BE99F3AE2EE5}.Debug|Any CPU.Build.0 = Debug|Any CPU
		{EE9076F6-2F24-4F47-97FE-BE99F3AE2EE5}.Release|Any CPU.ActiveCfg = Release|Any CPU
		{EE9076F6-2F24-4F47-97FE-BE99F3AE2EE5}.Release|Any CPU.Build.0 = Release|Any CPU
		{E6A461A0-4B19-4C0F-91A5-1C0E1CD10F9C}.Debug|Any CPU.ActiveCfg = Debug|Any CPU
		{E6A461A0-4B19-4C0F-91A5-1C0E1CD10F9C}.Debug|Any CPU.Build.0 = Debug|Any CPU
		{E6A461A0-4B19-4C0F-91A5-1C0E1CD10F9C}.Release|Any CPU.ActiveCfg = Release|Any CPU
		{E6A461A0-4B19-4C0F-91A5-1C0E1CD10F9C}.Release|Any CPU.Build.0 = Release|Any CPU
		{AC926F50-4072-4286-A172-2965D5E3115C}.Debug|Any CPU.ActiveCfg = Debug|Any CPU
		{AC926F50-4072-4286-A172-2965D5E3115C}.Debug|Any CPU.Build.0 = Debug|Any CPU
		{AC926F50-4072-4286-A172-2965D5E3115C}.Release|Any CPU.ActiveCfg = Release|Any CPU
		{AC926F50-4072-4286-A172-2965D5E3115C}.Release|Any CPU.Build.0 = Release|Any CPU
		{533B3B65-9768-4C89-BC98-0909404029A6}.Debug|Any CPU.ActiveCfg = Debug|Any CPU
		{533B3B65-9768-4C89-BC98-0909404029A6}.Debug|Any CPU.Build.0 = Debug|Any CPU
		{533B3B65-9768-4C89-BC98-0909404029A6}.Release|Any CPU.ActiveCfg = Release|Any CPU
		{533B3B65-9768-4C89-BC98-0909404029A6}.Release|Any CPU.Build.0 = Release|Any CPU
		{AB4780CA-BBBE-4F17-9064-C3AC0D197EDD}.Debug|Any CPU.ActiveCfg = Debug|Any CPU
		{AB4780CA-BBBE-4F17-9064-C3AC0D197EDD}.Debug|Any CPU.Build.0 = Debug|Any CPU
		{AB4780CA-BBBE-4F17-9064-C3AC0D197EDD}.Release|Any CPU.ActiveCfg = Release|Any CPU
		{AB4780CA-BBBE-4F17-9064-C3AC0D197EDD}.Release|Any CPU.Build.0 = Release|Any CPU
	EndGlobalSection
	GlobalSection(SolutionProperties) = preSolution
		HideSolutionNode = FALSE
	EndGlobalSection
	GlobalSection(NestedProjects) = preSolution
		{3DF99613-FC54-4319-9A45-92B879851E9C} = {6557CD44-7363-45B3-BF9F-EA8447551D04}
		{CC75BFBD-D10C-4C39-97B6-7EC71772D4A4} = {6557CD44-7363-45B3-BF9F-EA8447551D04}
		{328A9830-97D2-45F4-ACF8-37A329525BC7} = {6557CD44-7363-45B3-BF9F-EA8447551D04}
		{6531F0BA-8E6B-47C7-A044-E80C276C482A} = {231791D5-FFCE-4FB7-B32D-A102E1ED458B}
		{061E15B9-CEF9-471B-8A30-9BEE8108A26B} = {231791D5-FFCE-4FB7-B32D-A102E1ED458B}
		{AD937C90-BE59-43EB-86A3-12021FEF4128} = {231791D5-FFCE-4FB7-B32D-A102E1ED458B}
		{5E334B0E-BCEE-421C-AEF9-0F9E7AAAA12A} = {DBE9A6DA-E2A4-41DF-B5E6-CFFE067D134E}
		{13CB6CF0-4292-4E3F-8E48-856FA2B4A3A5} = {DBE9A6DA-E2A4-41DF-B5E6-CFFE067D134E}
		{4344ED43-04F2-4A16-9AB8-C869F9F74926} = {DBE9A6DA-E2A4-41DF-B5E6-CFFE067D134E}
		{8B08D256-8745-47B5-9A51-D347101C3B15} = {8CCDFFF6-7495-4E94-A86D-45B088617507}
		{C9A55455-264D-49EB-8967-3A318C403FA0} = {8CCDFFF6-7495-4E94-A86D-45B088617507}
		{3A2ACC14-46D8-45F5-8304-0447275AC576} = {8CCDFFF6-7495-4E94-A86D-45B088617507}
		{7D86C81B-3903-4F6F-BF13-E98F0EDA9E0D} = {46A88CB5-797A-4499-8E48-5029A4B39C15}
		{EE9076F6-2F24-4F47-97FE-BE99F3AE2EE5} = {46A88CB5-797A-4499-8E48-5029A4B39C15}
		{E6A461A0-4B19-4C0F-91A5-1C0E1CD10F9C} = {46A88CB5-797A-4499-8E48-5029A4B39C15}
		{AC926F50-4072-4286-A172-2965D5E3115C} = {090A2CDF-018F-4DAC-917C-9E1353FE01C3}
		{533B3B65-9768-4C89-BC98-0909404029A6} = {090A2CDF-018F-4DAC-917C-9E1353FE01C3}
		{AB4780CA-BBBE-4F17-9064-C3AC0D197EDD} = {090A2CDF-018F-4DAC-917C-9E1353FE01C3}
	EndGlobalSection
	GlobalSection(ExtensibilityGlobals) = postSolution
		SolutionGuid = {B4713468-AB5F-45EE-A016-4AC657400FB5}
	EndGlobalSection
EndGlobal
